// !$*UTF8*$!
{
	archiveVersion = 1;
	classes = {
	};
	objectVersion = 46;
	objects = {

/* Begin PBXBuildFile section */
		F1153E3019AF57760080D308 /* Foundation.framework in Frameworks */ = {isa = PBXBuildFile; fileRef = F1153E2F19AF57760080D308 /* Foundation.framework */; };
		F1153E3219AF57760080D308 /* CoreGraphics.framework in Frameworks */ = {isa = PBXBuildFile; fileRef = F1153E3119AF57760080D308 /* CoreGraphics.framework */; };
		F1153E3419AF57760080D308 /* UIKit.framework in Frameworks */ = {isa = PBXBuildFile; fileRef = F1153E3319AF57760080D308 /* UIKit.framework */; };
		F1153E3A19AF57760080D308 /* InfoPlist.strings in Resources */ = {isa = PBXBuildFile; fileRef = F1153E3819AF57760080D308 /* InfoPlist.strings */; };
		F1153E3C19AF57760080D308 /* main.m in Sources */ = {isa = PBXBuildFile; fileRef = F1153E3B19AF57760080D308 /* main.m */; };
		F1153E4019AF57760080D308 /* AppDelegate.m in Sources */ = {isa = PBXBuildFile; fileRef = F1153E3F19AF57760080D308 /* AppDelegate.m */; };
		F1153E4319AF57760080D308 /* Main_iPhone.storyboard in Resources */ = {isa = PBXBuildFile; fileRef = F1153E4119AF57760080D308 /* Main_iPhone.storyboard */; };
		F1153E4619AF57760080D308 /* Main_iPad.storyboard in Resources */ = {isa = PBXBuildFile; fileRef = F1153E4419AF57760080D308 /* Main_iPad.storyboard */; };
		F1153E4919AF57760080D308 /* MasterViewController.m in Sources */ = {isa = PBXBuildFile; fileRef = F1153E4819AF57760080D308 /* MasterViewController.m */; };
		F1153E4C19AF57760080D308 /* DetailViewController.m in Sources */ = {isa = PBXBuildFile; fileRef = F1153E4B19AF57760080D308 /* DetailViewController.m */; };
		F1153E4E19AF57760080D308 /* Images.xcassets in Resources */ = {isa = PBXBuildFile; fileRef = F1153E4D19AF57760080D308 /* Images.xcassets */; };
		F1153E5519AF57760080D308 /* XCTest.framework in Frameworks */ = {isa = PBXBuildFile; fileRef = F1153E5419AF57760080D308 /* XCTest.framework */; };
		F1153E5619AF57760080D308 /* Foundation.framework in Frameworks */ = {isa = PBXBuildFile; fileRef = F1153E2F19AF57760080D308 /* Foundation.framework */; };
		F1153E5719AF57760080D308 /* UIKit.framework in Frameworks */ = {isa = PBXBuildFile; fileRef = F1153E3319AF57760080D308 /* UIKit.framework */; };
		F1153E5F19AF57760080D308 /* InfoPlist.strings in Resources */ = {isa = PBXBuildFile; fileRef = F1153E5D19AF57760080D308 /* InfoPlist.strings */; };
		F1153E6119AF57760080D308 /* Animal_Farm_SoundsTests.m in Sources */ = {isa = PBXBuildFile; fileRef = F1153E6019AF57760080D308 /* Animal_Farm_SoundsTests.m */; };
/* End PBXBuildFile section */

/* Begin PBXContainerItemProxy section */
		F1153E5819AF57760080D308 /* PBXContainerItemProxy */ = {
			isa = PBXContainerItemProxy;
			containerPortal = F1153E2419AF57760080D308 /* Project object */;
			proxyType = 1;
			remoteGlobalIDString = F1153E2B19AF57760080D308;
			remoteInfo = "Animal Farm Sounds";
		};
/* End PBXContainerItemProxy section */

/* Begin PBXFileReference section */
		F1153E2C19AF57760080D308 /* Animal Farm Sounds.app */ = {isa = PBXFileReference; explicitFileType = wrapper.application; includeInIndex = 0; path = "Animal Farm Sounds.app"; sourceTree = BUILT_PRODUCTS_DIR; };
		F1153E2F19AF57760080D308 /* Foundation.framework */ = {isa = PBXFileReference; lastKnownFileType = wrapper.framework; name = Foundation.framework; path = System/Library/Frameworks/Foundation.framework; sourceTree = SDKROOT; };
		F1153E3119AF57760080D308 /* CoreGraphics.framework */ = {isa = PBXFileReference; lastKnownFileType = wrapper.framework; name = CoreGraphics.framework; path = System/Library/Frameworks/CoreGraphics.framework; sourceTree = SDKROOT; };
		F1153E3319AF57760080D308 /* UIKit.framework */ = {isa = PBXFileReference; lastKnownFileType = wrapper.framework; name = UIKit.framework; path = System/Library/Frameworks/UIKit.framework; sourceTree = SDKROOT; };
		F1153E3719AF57760080D308 /* Animal Farm Sounds-Info.plist */ = {isa = PBXFileReference; lastKnownFileType = text.plist.xml; path = "Animal Farm Sounds-Info.plist"; sourceTree = "<group>"; };
		F1153E3919AF57760080D308 /* en */ = {isa = PBXFileReference; lastKnownFileType = text.plist.strings; name = en; path = en.lproj/InfoPlist.strings; sourceTree = "<group>"; };
		F1153E3B19AF57760080D308 /* main.m */ = {isa = PBXFileReference; lastKnownFileType = sourcecode.c.objc; path = main.m; sourceTree = "<group>"; };
		F1153E3D19AF57760080D308 /* Animal Farm Sounds-Prefix.pch */ = {isa = PBXFileReference; lastKnownFileType = sourcecode.c.h; path = "Animal Farm Sounds-Prefix.pch"; sourceTree = "<group>"; };
		F1153E3E19AF57760080D308 /* AppDelegate.h */ = {isa = PBXFileReference; lastKnownFileType = sourcecode.c.h; path = AppDelegate.h; sourceTree = "<group>"; };
		F1153E3F19AF57760080D308 /* AppDelegate.m */ = {isa = PBXFileReference; lastKnownFileType = sourcecode.c.objc; path = AppDelegate.m; sourceTree = "<group>"; };
		F1153E4219AF57760080D308 /* Base */ = {isa = PBXFileReference; lastKnownFileType = file.storyboard; name = Base; path = Base.lproj/Main_iPhone.storyboard; sourceTree = "<group>"; };
		F1153E4519AF57760080D308 /* Base */ = {isa = PBXFileReference; lastKnownFileType = file.storyboard; name = Base; path = Base.lproj/Main_iPad.storyboard; sourceTree = "<group>"; };
		F1153E4719AF57760080D308 /* MasterViewController.h */ = {isa = PBXFileReference; lastKnownFileType = sourcecode.c.h; path = MasterViewController.h; sourceTree = "<group>"; };
		F1153E4819AF57760080D308 /* MasterViewController.m */ = {isa = PBXFileReference; lastKnownFileType = sourcecode.c.objc; path = MasterViewController.m; sourceTree = "<group>"; };
		F1153E4A19AF57760080D308 /* DetailViewController.h */ = {isa = PBXFileReference; lastKnownFileType = sourcecode.c.h; path = DetailViewController.h; sourceTree = "<group>"; };
		F1153E4B19AF57760080D308 /* DetailViewController.m */ = {isa = PBXFileReference; lastKnownFileType = sourcecode.c.objc; path = DetailViewController.m; sourceTree = "<group>"; };
		F1153E4D19AF57760080D308 /* Images.xcassets */ = {isa = PBXFileReference; lastKnownFileType = folder.assetcatalog; path = Images.xcassets; sourceTree = "<group>"; };
		F1153E5319AF57760080D308 /* Animal Farm SoundsTests.xctest */ = {isa = PBXFileReference; explicitFileType = wrapper.cfbundle; includeInIndex = 0; path = "Animal Farm SoundsTests.xctest"; sourceTree = BUILT_PRODUCTS_DIR; };
		F1153E5419AF57760080D308 /* XCTest.framework */ = {isa = PBXFileReference; lastKnownFileType = wrapper.framework; name = XCTest.framework; path = Library/Frameworks/XCTest.framework; sourceTree = DEVELOPER_DIR; };
		F1153E5C19AF57760080D308 /* Animal Farm SoundsTests-Info.plist */ = {isa = PBXFileReference; lastKnownFileType = text.plist.xml; path = "Animal Farm SoundsTests-Info.plist"; sourceTree = "<group>"; };
		F1153E5E19AF57760080D308 /* en */ = {isa = PBXFileReference; lastKnownFileType = text.plist.strings; name = en; path = en.lproj/InfoPlist.strings; sourceTree = "<group>"; };
		F1153E6019AF57760080D308 /* Animal_Farm_SoundsTests.m */ = {isa = PBXFileReference; lastKnownFileType = sourcecode.c.objc; path = Animal_Farm_SoundsTests.m; sourceTree = "<group>"; };
/* End PBXFileReference section */

/* Begin PBXFrameworksBuildPhase section */
		F1153E2919AF57760080D308 /* Frameworks */ = {
			isa = PBXFrameworksBuildPhase;
			buildActionMask = 2147483647;
			files = (
				F1153E3219AF57760080D308 /* CoreGraphics.framework in Frameworks */,
				F1153E3419AF57760080D308 /* UIKit.framework in Frameworks */,
				F1153E3019AF57760080D308 /* Foundation.framework in Frameworks */,
			);
			runOnlyForDeploymentPostprocessing = 0;
		};
		F1153E5019AF57760080D308 /* Frameworks */ = {
			isa = PBXFrameworksBuildPhase;
			buildActionMask = 2147483647;
			files = (
				F1153E5519AF57760080D308 /* XCTest.framework in Frameworks */,
				F1153E5719AF57760080D308 /* UIKit.framework in Frameworks */,
				F1153E5619AF57760080D308 /* Foundation.framework in Frameworks */,
			);
			runOnlyForDeploymentPostprocessing = 0;
		};
/* End PBXFrameworksBuildPhase section */

/* Begin PBXGroup section */
		F1153E2319AF57760080D308 = {
			isa = PBXGroup;
			children = (
				F1153E3519AF57760080D308 /* Animal Farm Sounds */,
				F1153E5A19AF57760080D308 /* Animal Farm SoundsTests */,
				F1153E2E19AF57760080D308 /* Frameworks */,
				F1153E2D19AF57760080D308 /* Products */,
			);
			sourceTree = "<group>";
		};
		F1153E2D19AF57760080D308 /* Products */ = {
			isa = PBXGroup;
			children = (
				F1153E2C19AF57760080D308 /* Animal Farm Sounds.app */,
				F1153E5319AF57760080D308 /* Animal Farm SoundsTests.xctest */,
			);
			name = Products;
			sourceTree = "<group>";
		};
		F1153E2E19AF57760080D308 /* Frameworks */ = {
			isa = PBXGroup;
			children = (
				F1153E2F19AF57760080D308 /* Foundation.framework */,
				F1153E3119AF57760080D308 /* CoreGraphics.framework */,
				F1153E3319AF57760080D308 /* UIKit.framework */,
				F1153E5419AF57760080D308 /* XCTest.framework */,
			);
			name = Frameworks;
			sourceTree = "<group>";
		};
		F1153E3519AF57760080D308 /* Animal Farm Sounds */ = {
			isa = PBXGroup;
			children = (
				F1153E3E19AF57760080D308 /* AppDelegate.h */,
				F1153E3F19AF57760080D308 /* AppDelegate.m */,
				F1153E4119AF57760080D308 /* Main_iPhone.storyboard */,
				F1153E4419AF57760080D308 /* Main_iPad.storyboard */,
				F1153E4719AF57760080D308 /* MasterViewController.h */,
				F1153E4819AF57760080D308 /* MasterViewController.m */,
				F1153E4A19AF57760080D308 /* DetailViewController.h */,
				F1153E4B19AF57760080D308 /* DetailViewController.m */,
				F1153E4D19AF57760080D308 /* Images.xcassets */,
				F1153E3619AF57760080D308 /* Supporting Files */,
			);
			path = "Animal Farm Sounds";
			sourceTree = "<group>";
		};
		F1153E3619AF57760080D308 /* Supporting Files */ = {
			isa = PBXGroup;
			children = (
				F1153E3719AF57760080D308 /* Animal Farm Sounds-Info.plist */,
				F1153E3819AF57760080D308 /* InfoPlist.strings */,
				F1153E3B19AF57760080D308 /* main.m */,
				F1153E3D19AF57760080D308 /* Animal Farm Sounds-Prefix.pch */,
			);
			name = "Supporting Files";
			sourceTree = "<group>";
		};
		F1153E5A19AF57760080D308 /* Animal Farm SoundsTests */ = {
			isa = PBXGroup;
			children = (
				F1153E6019AF57760080D308 /* Animal_Farm_SoundsTests.m */,
				F1153E5B19AF57760080D308 /* Supporting Files */,
			);
			path = "Animal Farm SoundsTests";
			sourceTree = "<group>";
		};
		F1153E5B19AF57760080D308 /* Supporting Files */ = {
			isa = PBXGroup;
			children = (
				F1153E5C19AF57760080D308 /* Animal Farm SoundsTests-Info.plist */,
				F1153E5D19AF57760080D308 /* InfoPlist.strings */,
			);
			name = "Supporting Files";
			sourceTree = "<group>";
		};
/* End PBXGroup section */

/* Begin PBXNativeTarget section */
		F1153E2B19AF57760080D308 /* Animal Farm Sounds */ = {
			isa = PBXNativeTarget;
			buildConfigurationList = F1153E6419AF57760080D308 /* Build configuration list for PBXNativeTarget "Animal Farm Sounds" */;
			buildPhases = (
				F1153E2819AF57760080D308 /* Sources */,
				F1153E2919AF57760080D308 /* Frameworks */,
				F1153E2A19AF57760080D308 /* Resources */,
			);
			buildRules = (
			);
			dependencies = (
			);
			name = "Animal Farm Sounds";
			productName = "Animal Farm Sounds";
			productReference = F1153E2C19AF57760080D308 /* Animal Farm Sounds.app */;
			productType = "com.apple.product-type.application";
		};
		F1153E5219AF57760080D308 /* Animal Farm SoundsTests */ = {
			isa = PBXNativeTarget;
			buildConfigurationList = F1153E6719AF57760080D308 /* Build configuration list for PBXNativeTarget "Animal Farm SoundsTests" */;
			buildPhases = (
				F1153E4F19AF57760080D308 /* Sources */,
				F1153E5019AF57760080D308 /* Frameworks */,
				F1153E5119AF57760080D308 /* Resources */,
			);
			buildRules = (
			);
			dependencies = (
				F1153E5919AF57760080D308 /* PBXTargetDependency */,
			);
			name = "Animal Farm SoundsTests";
			productName = "Animal Farm SoundsTests";
			productReference = F1153E5319AF57760080D308 /* Animal Farm SoundsTests.xctest */;
			productType = "com.apple.product-type.bundle.unit-test";
		};
/* End PBXNativeTarget section */

/* Begin PBXProject section */
		F1153E2419AF57760080D308 /* Project object */ = {
			isa = PBXProject;
			attributes = {
				LastUpgradeCheck = 0510;
				ORGANIZATIONNAME = "Freddy Rademeyer";
				TargetAttributes = {
					F1153E5219AF57760080D308 = {
						TestTargetID = F1153E2B19AF57760080D308;
					};
				};
			};
			buildConfigurationList = F1153E2719AF57760080D308 /* Build configuration list for PBXProject "Animal Farm Sounds" */;
			compatibilityVersion = "Xcode 3.2";
			developmentRegion = English;
			hasScannedForEncodings = 0;
			knownRegions = (
				en,
				Base,
			);
			mainGroup = F1153E2319AF57760080D308;
			productRefGroup = F1153E2D19AF57760080D308 /* Products */;
			projectDirPath = "";
			projectRoot = "";
			targets = (
				F1153E2B19AF57760080D308 /* Animal Farm Sounds */,
				F1153E5219AF57760080D308 /* Animal Farm SoundsTests */,
			);
		};
/* End PBXProject section */

/* Begin PBXResourcesBuildPhase section */
		F1153E2A19AF57760080D308 /* Resources */ = {
			isa = PBXResourcesBuildPhase;
			buildActionMask = 2147483647;
			files = (
				F1153E4619AF57760080D308 /* Main_iPad.storyboard in Resources */,
				F1153E4E19AF57760080D308 /* Images.xcassets in Resources */,
				F1153E4319AF57760080D308 /* Main_iPhone.storyboard in Resources */,
				F1153E3A19AF57760080D308 /* InfoPlist.strings in Resources */,
			);
			runOnlyForDeploymentPostprocessing = 0;
		};
		F1153E5119AF57760080D308 /* Resources */ = {
			isa = PBXResourcesBuildPhase;
			buildActionMask = 2147483647;
			files = (
				F1153E5F19AF57760080D308 /* InfoPlist.strings in Resources */,
			);
			runOnlyForDeploymentPostprocessing = 0;
		};
/* End PBXResourcesBuildPhase section */

/* Begin PBXSourcesBuildPhase section */
		F1153E2819AF57760080D308 /* Sources */ = {
			isa = PBXSourcesBuildPhase;
			buildActionMask = 2147483647;
			files = (
				F1153E4019AF57760080D308 /* AppDelegate.m in Sources */,
				F1153E4919AF57760080D308 /* MasterViewController.m in Sources */,
				F1153E3C19AF57760080D308 /* main.m in Sources */,
				F1153E4C19AF57760080D308 /* DetailViewController.m in Sources */,
			);
			runOnlyForDeploymentPostprocessing = 0;
		};
		F1153E4F19AF57760080D308 /* Sources */ = {
			isa = PBXSourcesBuildPhase;
			buildActionMask = 2147483647;
			files = (
				F1153E6119AF57760080D308 /* Animal_Farm_SoundsTests.m in Sources */,
			);
			runOnlyForDeploymentPostprocessing = 0;
		};
/* End PBXSourcesBuildPhase section */

/* Begin PBXTargetDependency section */
		F1153E5919AF57760080D308 /* PBXTargetDependency */ = {
			isa = PBXTargetDependency;
			target = F1153E2B19AF57760080D308 /* Animal Farm Sounds */;
			targetProxy = F1153E5819AF57760080D308 /* PBXContainerItemProxy */;
		};
/* End PBXTargetDependency section */

/* Begin PBXVariantGroup section */
		F1153E3819AF57760080D308 /* InfoPlist.strings */ = {
			isa = PBXVariantGroup;
			children = (
				F1153E3919AF57760080D308 /* en */,
			);
			name = InfoPlist.strings;
			sourceTree = "<group>";
		};
		F1153E4119AF57760080D308 /* Main_iPhone.storyboard */ = {
			isa = PBXVariantGroup;
			children = (
				F1153E4219AF57760080D308 /* Base */,
			);
			name = Main_iPhone.storyboard;
			sourceTree = "<group>";
		};
		F1153E4419AF57760080D308 /* Main_iPad.storyboard */ = {
			isa = PBXVariantGroup;
			children = (
				F1153E4519AF57760080D308 /* Base */,
			);
			name = Main_iPad.storyboard;
			sourceTree = "<group>";
		};
		F1153E5D19AF57760080D308 /* InfoPlist.strings */ = {
			isa = PBXVariantGroup;
			children = (
				F1153E5E19AF57760080D308 /* en */,
			);
			name = InfoPlist.strings;
			sourceTree = "<group>";
		};
/* End PBXVariantGroup section */

/* Begin XCBuildConfiguration section */
		F1153E6219AF57760080D308 /* Debug */ = {
			isa = XCBuildConfiguration;
			buildSettings = {
				ALWAYS_SEARCH_USER_PATHS = NO;
				CLANG_CXX_LANGUAGE_STANDARD = "gnu++0x";
				CLANG_CXX_LIBRARY = "libc++";
				CLANG_ENABLE_MODULES = YES;
				CLANG_ENABLE_OBJC_ARC = YES;
				CLANG_WARN_BOOL_CONVERSION = YES;
				CLANG_WARN_CONSTANT_CONVERSION = YES;
				CLANG_WARN_DIRECT_OBJC_ISA_USAGE = YES_ERROR;
				CLANG_WARN_EMPTY_BODY = YES;
				CLANG_WARN_ENUM_CONVERSION = YES;
				CLANG_WARN_INT_CONVERSION = YES;
				CLANG_WARN_OBJC_ROOT_CLASS = YES_ERROR;
				CLANG_WARN__DUPLICATE_METHOD_MATCH = YES;
				"CODE_SIGN_IDENTITY[sdk=iphoneos*]" = "iPhone Developer";
				COPY_PHASE_STRIP = NO;
				GCC_C_LANGUAGE_STANDARD = gnu99;
				GCC_DYNAMIC_NO_PIC = NO;
				GCC_OPTIMIZATION_LEVEL = 0;
				GCC_PREPROCESSOR_DEFINITIONS = (
					"DEBUG=1",
					"$(inherited)",
				);
				GCC_SYMBOLS_PRIVATE_EXTERN = NO;
				GCC_WARN_64_TO_32_BIT_CONVERSION = YES;
				GCC_WARN_ABOUT_RETURN_TYPE = YES_ERROR;
				GCC_WARN_UNDECLARED_SELECTOR = YES;
				GCC_WARN_UNINITIALIZED_AUTOS = YES_AGGRESSIVE;
				GCC_WARN_UNUSED_FUNCTION = YES;
				GCC_WARN_UNUSED_VARIABLE = YES;
				IPHONEOS_DEPLOYMENT_TARGET = 7.1;
				ONLY_ACTIVE_ARCH = YES;
				SDKROOT = iphoneos;
				TARGETED_DEVICE_FAMILY = "1,2";
			};
			name = Debug;
		};
		F1153E6319AF57760080D308 /* Release */ = {
			isa = XCBuildConfiguration;
			buildSettings = {
				ALWAYS_SEARCH_USER_PATHS = NO;
				CLANG_CXX_LANGUAGE_STANDARD = "gnu++0x";
				CLANG_CXX_LIBRARY = "libc++";
				CLANG_ENABLE_MODULES = YES;
				CLANG_ENABLE_OBJC_ARC = YES;
				CLANG_WARN_BOOL_CONVERSION = YES;
				CLANG_WARN_CONSTANT_CONVERSION = YES;
				CLANG_WARN_DIRECT_OBJC_ISA_USAGE = YES_ERROR;
				CLANG_WARN_EMPTY_BODY = YES;
				CLANG_WARN_ENUM_CONVERSION = YES;
				CLANG_WARN_INT_CONVERSION = YES;
				CLANG_WARN_OBJC_ROOT_CLASS = YES_ERROR;
				CLANG_WARN__DUPLICATE_METHOD_MATCH = YES;
				"CODE_SIGN_IDENTITY[sdk=iphoneos*]" = "iPhone Developer";
				COPY_PHASE_STRIP = YES;
				ENABLE_NS_ASSERTIONS = NO;
				GCC_C_LANGUAGE_STANDARD = gnu99;
				GCC_WARN_64_TO_32_BIT_CONVERSION = YES;
				GCC_WARN_ABOUT_RETURN_TYPE = YES_ERROR;
				GCC_WARN_UNDECLARED_SELECTOR = YES;
				GCC_WARN_UNINITIALIZED_AUTOS = YES_AGGRESSIVE;
				GCC_WARN_UNUSED_FUNCTION = YES;
				GCC_WARN_UNUSED_VARIABLE = YES;
				IPHONEOS_DEPLOYMENT_TARGET = 7.1;
				SDKROOT = iphoneos;
				TARGETED_DEVICE_FAMILY = "1,2";
				VALIDATE_PRODUCT = YES;
			};
			name = Release;
		};
		F1153E6519AF57760080D308 /* Debug */ = {
			isa = XCBuildConfiguration;
			buildSettings = {
				ASSETCATALOG_COMPILER_APPICON_NAME = AppIcon;
				ASSETCATALOG_COMPILER_LAUNCHIMAGE_NAME = LaunchImage;
				GCC_PRECOMPILE_PREFIX_HEADER = YES;
				GCC_PREFIX_HEADER = "Animal Farm Sounds/Animal Farm Sounds-Prefix.pch";
				INFOPLIST_FILE = "Animal Farm Sounds/Animal Farm Sounds-Info.plist";
				PRODUCT_NAME = "$(TARGET_NAME)";
				WRAPPER_EXTENSION = app;
			};
			name = Debug;
		};
		F1153E6619AF57760080D308 /* Release */ = {
			isa = XCBuildConfiguration;
			buildSettings = {
				ASSETCATALOG_COMPILER_APPICON_NAME = AppIcon;
				ASSETCATALOG_COMPILER_LAUNCHIMAGE_NAME = LaunchImage;
				GCC_PRECOMPILE_PREFIX_HEADER = YES;
				GCC_PREFIX_HEADER = "Animal Farm Sounds/Animal Farm Sounds-Prefix.pch";
				INFOPLIST_FILE = "Animal Farm Sounds/Animal Farm Sounds-Info.plist";
				PRODUCT_NAME = "$(TARGET_NAME)";
				WRAPPER_EXTENSION = app;
			};
			name = Release;
		};
		F1153E6819AF57760080D308 /* Debug */ = {
			isa = XCBuildConfiguration;
			buildSettings = {
				BUNDLE_LOADER = "$(BUILT_PRODUCTS_DIR)/Animal Farm Sounds.app/Animal Farm Sounds";
				FRAMEWORK_SEARCH_PATHS = (
					"$(SDKROOT)/Developer/Library/Frameworks",
					"$(inherited)",
					"$(DEVELOPER_FRAMEWORKS_DIR)",
				);
				GCC_PRECOMPILE_PREFIX_HEADER = YES;
				GCC_PREFIX_HEADER = "Animal Farm Sounds/Animal Farm Sounds-Prefix.pch";
				GCC_PREPROCESSOR_DEFINITIONS = (
					"DEBUG=1",
					"$(inherited)",
				);
				INFOPLIST_FILE = "Animal Farm SoundsTests/Animal Farm SoundsTests-Info.plist";
				PRODUCT_NAME = "$(TARGET_NAME)";
				TEST_HOST = "$(BUNDLE_LOADER)";
				WRAPPER_EXTENSION = xctest;
			};
			name = Debug;
		};
		F1153E6919AF57760080D308 /* Release */ = {
			isa = XCBuildConfiguration;
			buildSettings = {
				BUNDLE_LOADER = "$(BUILT_PRODUCTS_DIR)/Animal Farm Sounds.app/Animal Farm Sounds";
				FRAMEWORK_SEARCH_PATHS = (
					"$(SDKROOT)/Developer/Library/Frameworks",
					"$(inherited)",
					"$(DEVELOPER_FRAMEWORKS_DIR)",
				);
				GCC_PRECOMPILE_PREFIX_HEADER = YES;
				GCC_PREFIX_HEADER = "Animal Farm Sounds/Animal Farm Sounds-Prefix.pch";
				INFOPLIST_FILE = "Animal Farm SoundsTests/Animal Farm SoundsTests-Info.plist";
				PRODUCT_NAME = "$(TARGET_NAME)";
				TEST_HOST = "$(BUNDLE_LOADER)";
				WRAPPER_EXTENSION = xctest;
			};
			name = Release;
		};
/* End XCBuildConfiguration section */

/* Begin XCConfigurationList section */
		F1153E2719AF57760080D308 /* Build configuration list for PBXProject "Animal Farm Sounds" */ = {
			isa = XCConfigurationList;
			buildConfigurations = (
				F1153E6219AF57760080D308 /* Debug */,
				F1153E6319AF57760080D308 /* Release */,
			);
			defaultConfigurationIsVisible = 0;
			defaultConfigurationName = Release;
		};
		F1153E6419AF57760080D308 /* Build configuration list for PBXNativeTarget "Animal Farm Sounds" */ = {
			isa = XCConfigurationList;
			buildConfigurations = (
				F1153E6519AF57760080D308 /* Debug */,
				F1153E6619AF57760080D308 /* Release */,
			);
			defaultConfigurationIsVisible = 0;
		};
		F1153E6719AF57760080D308 /* Build configuration list for PBXNativeTarget "Animal Farm SoundsTests" */ = {
			isa = XCConfigurationList;
			buildConfigurations = (
				F1153E6819AF57760080D308 /* Debug */,
				F1153E6919AF57760080D308 /* Release */,
			);
			defaultConfigurationIsVisible = 0;
		};
/* End XCConfigurationList section */
	};
	rootObject = F1153E2419AF57760080D308 /* Project object */;
}
